// !$*UTF8*$!
{
	archiveVersion = 1;
	classes = {
	};
	objectVersion = 51;
	objects = {

/* Begin PBXBuildFile section */
		35EDF39FC27FB21BA3EBCED9 /* Pods_BatmanHelpTests.framework in Frameworks */ = {isa = PBXBuildFile; fileRef = 7B364BC069C0B2B3631EED2F /* Pods_BatmanHelpTests.framework */; };
		4705EB4623F435EA001365B1 /* CharacterTableViewController.swift in Sources */ = {isa = PBXBuildFile; fileRef = 4705EB4523F435EA001365B1 /* CharacterTableViewController.swift */; };
		470FC07023EE0B22001A59A1 /* Some Filters - v1.mlmodel in Sources */ = {isa = PBXBuildFile; fileRef = 470FC06F23EE0B21001A59A1 /* Some Filters - v1.mlmodel */; };
		470FC07223EE0CBF001A59A1 /* No filters - v2.mlmodel in Sources */ = {isa = PBXBuildFile; fileRef = 470FC07123EE0CBF001A59A1 /* No filters - v2.mlmodel */; };
		470FC07523EE0D38001A59A1 /* ReportViewController.swift in Sources */ = {isa = PBXBuildFile; fileRef = 470FC07423EE0D38001A59A1 /* ReportViewController.swift */; };
		470FC07B23EF68C8001A59A1 /* More Filters - v3.mlmodel in Sources */ = {isa = PBXBuildFile; fileRef = 470FC07A23EF68C8001A59A1 /* More Filters - v3.mlmodel */; };
		470FC07F23F17A2D001A59A1 /* CloudKitManager.swift in Sources */ = {isa = PBXBuildFile; fileRef = 470FC07E23F17A2D001A59A1 /* CloudKitManager.swift */; };
		470FC08123F17ABE001A59A1 /* ConsoleDebugLogger.swift in Sources */ = {isa = PBXBuildFile; fileRef = 470FC08023F17ABE001A59A1 /* ConsoleDebugLogger.swift */; };
		473CC54023F2C8DC0005AA26 /* CloudKit.framework in Frameworks */ = {isa = PBXBuildFile; fileRef = 473CC53F23F2C8DC0005AA26 /* CloudKit.framework */; };
		473CC54223F2CC180005AA26 /* CharacterListViewController.swift in Sources */ = {isa = PBXBuildFile; fileRef = 473CC54123F2CC180005AA26 /* CharacterListViewController.swift */; };
		473CC54423F2D2C30005AA26 /* CharacterPowerstats.swift in Sources */ = {isa = PBXBuildFile; fileRef = 473CC54323F2D2C30005AA26 /* CharacterPowerstats.swift */; };
		473CC54623F2E3190005AA26 /* CKAsset+.swift in Sources */ = {isa = PBXBuildFile; fileRef = 473CC54523F2E3190005AA26 /* CKAsset+.swift */; };
		473CC54823F2E32C0005AA26 /* CLLocationCoordinate2D+.swift in Sources */ = {isa = PBXBuildFile; fileRef = 473CC54723F2E32C0005AA26 /* CLLocationCoordinate2D+.swift */; };
		473CC54A23F2E7210005AA26 /* UIImage+.swift in Sources */ = {isa = PBXBuildFile; fileRef = 473CC54923F2E7210005AA26 /* UIImage+.swift */; };
		473CC55123F2EA470005AA26 /* CharacterCollectionViewCell.swift in Sources */ = {isa = PBXBuildFile; fileRef = 473CC55023F2EA470005AA26 /* CharacterCollectionViewCell.swift */; };
		476D4E3523ECF0420057FE6E /* SceneLocationType.swift in Sources */ = {isa = PBXBuildFile; fileRef = 476D4E3423ECF0420057FE6E /* SceneLocationType.swift */; };
		479E314523EC43E5000EBA39 /* AppDelegate.swift in Sources */ = {isa = PBXBuildFile; fileRef = 479E314423EC43E5000EBA39 /* AppDelegate.swift */; };
		479E314723EC43E5000EBA39 /* SceneDelegate.swift in Sources */ = {isa = PBXBuildFile; fileRef = 479E314623EC43E5000EBA39 /* SceneDelegate.swift */; };
		479E314923EC43E5000EBA39 /* ViewController.swift in Sources */ = {isa = PBXBuildFile; fileRef = 479E314823EC43E5000EBA39 /* ViewController.swift */; };
		479E314C23EC43E5000EBA39 /* Main.storyboard in Resources */ = {isa = PBXBuildFile; fileRef = 479E314A23EC43E5000EBA39 /* Main.storyboard */; };
		479E314E23EC43E6000EBA39 /* Assets.xcassets in Resources */ = {isa = PBXBuildFile; fileRef = 479E314D23EC43E6000EBA39 /* Assets.xcassets */; };
		479E315123EC43E6000EBA39 /* LaunchScreen.storyboard in Resources */ = {isa = PBXBuildFile; fileRef = 479E314F23EC43E6000EBA39 /* LaunchScreen.storyboard */; };
		479E315C23EC43E6000EBA39 /* Batman__helpTests.swift in Sources */ = {isa = PBXBuildFile; fileRef = 479E315B23EC43E6000EBA39 /* Batman__helpTests.swift */; };
		479E316723EC43E6000EBA39 /* Batman__helpUITests.swift in Sources */ = {isa = PBXBuildFile; fileRef = 479E316623EC43E6000EBA39 /* Batman__helpUITests.swift */; };
		479E317623EC4515000EBA39 /* DatabaseAccess.swift in Sources */ = {isa = PBXBuildFile; fileRef = 479E317423EC4515000EBA39 /* DatabaseAccess.swift */; };
		479E317723EC4515000EBA39 /* Singleton.swift in Sources */ = {isa = PBXBuildFile; fileRef = 479E317523EC4515000EBA39 /* Singleton.swift */; };
		479E317B23EC452B000EBA39 /* SceneLocation.swift in Sources */ = {isa = PBXBuildFile; fileRef = 479E317823EC452A000EBA39 /* SceneLocation.swift */; };
		479E317C23EC452B000EBA39 /* Character.swift in Sources */ = {isa = PBXBuildFile; fileRef = 479E317923EC452A000EBA39 /* Character.swift */; };
		479E317D23EC452B000EBA39 /* CharacterType.swift in Sources */ = {isa = PBXBuildFile; fileRef = 479E317A23EC452B000EBA39 /* CharacterType.swift */; };
		479E318123EC4FD3000EBA39 /* MenuViewController.swift in Sources */ = {isa = PBXBuildFile; fileRef = 479E318023EC4FD3000EBA39 /* MenuViewController.swift */; };
		47ADCD9A23F449D500781053 /* UIColor+.swift in Sources */ = {isa = PBXBuildFile; fileRef = 47ADCD9923F449D500781053 /* UIColor+.swift */; };
		47ADCD9C23F575D800781053 /* SceneLocationAnnotation.swift in Sources */ = {isa = PBXBuildFile; fileRef = 47ADCD9B23F575D800781053 /* SceneLocationAnnotation.swift */; };
		47ADCD9E23F5836D00781053 /* SceneCalloutView.xib in Resources */ = {isa = PBXBuildFile; fileRef = 47ADCD9D23F5836D00781053 /* SceneCalloutView.xib */; };
		47ADCDA023F583C300781053 /* SceneCalloutView.swift in Sources */ = {isa = PBXBuildFile; fileRef = 47ADCD9F23F583C300781053 /* SceneCalloutView.swift */; };
		47ADCDA623F5E73800781053 /* MKCustomAnnotationView.swift in Sources */ = {isa = PBXBuildFile; fileRef = 47ADCDA523F5E73800781053 /* MKCustomAnnotationView.swift */; };
		47ADCDA823F5E8C200781053 /* Few filters - v3.mlmodel in Sources */ = {isa = PBXBuildFile; fileRef = 47ADCDA723F5E8C200781053 /* Few filters - v3.mlmodel */; };
		47ADCDAA23F5E8D200781053 /* Lots of Iterations - v3.mlmodel in Sources */ = {isa = PBXBuildFile; fileRef = 47ADCDA923F5E8D200781053 /* Lots of Iterations - v3.mlmodel */; };
		47ADCDAC23F5F8B500781053 /* CharacterViewController.swift in Sources */ = {isa = PBXBuildFile; fileRef = 47ADCDAB23F5F8B500781053 /* CharacterViewController.swift */; };
		47ADCDAE23F6C6C300781053 /* MapDarkStyle.json in Resources */ = {isa = PBXBuildFile; fileRef = 47ADCDAD23F6C6C300781053 /* MapDarkStyle.json */; };
		47ADCDB023F6C7DE00781053 /* MapSilverStyle.json in Resources */ = {isa = PBXBuildFile; fileRef = 47ADCDAF23F6C7DE00781053 /* MapSilverStyle.json */; };
		47ADCDB223F6C83D00781053 /* MapBlueStyle.json in Resources */ = {isa = PBXBuildFile; fileRef = 47ADCDB123F6C83D00781053 /* MapBlueStyle.json */; };
		47ADCDB423F6C9D800781053 /* MapRetroStyle.json in Resources */ = {isa = PBXBuildFile; fileRef = 47ADCDB323F6C9D800781053 /* MapRetroStyle.json */; };
		47B7455023F33BB0007328FD /* batmfo__.ttf in Resources */ = {isa = PBXBuildFile; fileRef = 47B7454F23F33BB0007328FD /* batmfo__.ttf */; };
		47B7455223F33BBB007328FD /* batmfa__.ttf in Resources */ = {isa = PBXBuildFile; fileRef = 47B7455123F33BBA007328FD /* batmfa__.ttf */; };
		A18230988D047C988AC9B37D /* Pods_BatmanHelp.framework in Frameworks */ = {isa = PBXBuildFile; fileRef = AED285151BCD74A0B434E3F3 /* Pods_BatmanHelp.framework */; };
		B3DF12D120A9B92085BE2945 /* Pods_BatmanHelp_BatmanHelpUITests.framework in Frameworks */ = {isa = PBXBuildFile; fileRef = E3C105441292377D9B34EA92 /* Pods_BatmanHelp_BatmanHelpUITests.framework */; };
/* End PBXBuildFile section */

/* Begin PBXContainerItemProxy section */
		479E315823EC43E6000EBA39 /* PBXContainerItemProxy */ = {
			isa = PBXContainerItemProxy;
			containerPortal = 479E313923EC43E5000EBA39 /* Project object */;
			proxyType = 1;
			remoteGlobalIDString = 479E314023EC43E5000EBA39;
			remoteInfo = "Batman, help";
		};
		479E316323EC43E6000EBA39 /* PBXContainerItemProxy */ = {
			isa = PBXContainerItemProxy;
			containerPortal = 479E313923EC43E5000EBA39 /* Project object */;
			proxyType = 1;
			remoteGlobalIDString = 479E314023EC43E5000EBA39;
			remoteInfo = "Batman, help";
		};
/* End PBXContainerItemProxy section */

/* Begin PBXFileReference section */
		0FE0095A1EC8962F7426C924 /* Pods-BatmanHelp-BatmanHelpUITests.release.xcconfig */ = {isa = PBXFileReference; includeInIndex = 1; lastKnownFileType = text.xcconfig; name = "Pods-BatmanHelp-BatmanHelpUITests.release.xcconfig"; path = "Target Support Files/Pods-BatmanHelp-BatmanHelpUITests/Pods-BatmanHelp-BatmanHelpUITests.release.xcconfig"; sourceTree = "<group>"; };
		3FEB56825189CB6A475AF4C8 /* Pods-BatmanHelpTests.release.xcconfig */ = {isa = PBXFileReference; includeInIndex = 1; lastKnownFileType = text.xcconfig; name = "Pods-BatmanHelpTests.release.xcconfig"; path = "Target Support Files/Pods-BatmanHelpTests/Pods-BatmanHelpTests.release.xcconfig"; sourceTree = "<group>"; };
		4618655E5689AB24AFD05715 /* Pods-BatmanHelp-BatmanHelpUITests.debug.xcconfig */ = {isa = PBXFileReference; includeInIndex = 1; lastKnownFileType = text.xcconfig; name = "Pods-BatmanHelp-BatmanHelpUITests.debug.xcconfig"; path = "Target Support Files/Pods-BatmanHelp-BatmanHelpUITests/Pods-BatmanHelp-BatmanHelpUITests.debug.xcconfig"; sourceTree = "<group>"; };
		4705EB4523F435EA001365B1 /* CharacterTableViewController.swift */ = {isa = PBXFileReference; lastKnownFileType = sourcecode.swift; path = CharacterTableViewController.swift; sourceTree = "<group>"; };
		4705EB4723F43ADD001365B1 /* Charts.framework */ = {isa = PBXFileReference; explicitFileType = wrapper.framework; path = Charts.framework; sourceTree = BUILT_PRODUCTS_DIR; };
		470FC06F23EE0B21001A59A1 /* Some Filters - v1.mlmodel */ = {isa = PBXFileReference; lastKnownFileType = file.mlmodel; path = "Some Filters - v1.mlmodel"; sourceTree = "<group>"; };
		470FC07123EE0CBF001A59A1 /* No filters - v2.mlmodel */ = {isa = PBXFileReference; lastKnownFileType = file.mlmodel; path = "No filters - v2.mlmodel"; sourceTree = "<group>"; };
		470FC07423EE0D38001A59A1 /* ReportViewController.swift */ = {isa = PBXFileReference; lastKnownFileType = sourcecode.swift; path = ReportViewController.swift; sourceTree = "<group>"; };
		470FC07A23EF68C8001A59A1 /* More Filters - v3.mlmodel */ = {isa = PBXFileReference; lastKnownFileType = file.mlmodel; path = "More Filters - v3.mlmodel"; sourceTree = "<group>"; };
		470FC07E23F17A2D001A59A1 /* CloudKitManager.swift */ = {isa = PBXFileReference; lastKnownFileType = sourcecode.swift; path = CloudKitManager.swift; sourceTree = "<group>"; };
		470FC08023F17ABE001A59A1 /* ConsoleDebugLogger.swift */ = {isa = PBXFileReference; lastKnownFileType = sourcecode.swift; path = ConsoleDebugLogger.swift; sourceTree = "<group>"; };
		473CC53D23F2C8D90005AA26 /* Batman, help.entitlements */ = {isa = PBXFileReference; lastKnownFileType = text.plist.entitlements; path = "Batman, help.entitlements"; sourceTree = "<group>"; };
		473CC53F23F2C8DC0005AA26 /* CloudKit.framework */ = {isa = PBXFileReference; lastKnownFileType = wrapper.framework; name = CloudKit.framework; path = System/Library/Frameworks/CloudKit.framework; sourceTree = SDKROOT; };
		473CC54123F2CC180005AA26 /* CharacterListViewController.swift */ = {isa = PBXFileReference; lastKnownFileType = sourcecode.swift; path = CharacterListViewController.swift; sourceTree = "<group>"; };
		473CC54323F2D2C30005AA26 /* CharacterPowerstats.swift */ = {isa = PBXFileReference; lastKnownFileType = sourcecode.swift; path = CharacterPowerstats.swift; sourceTree = "<group>"; };
		473CC54523F2E3190005AA26 /* CKAsset+.swift */ = {isa = PBXFileReference; lastKnownFileType = sourcecode.swift; path = "CKAsset+.swift"; sourceTree = "<group>"; };
		473CC54723F2E32C0005AA26 /* CLLocationCoordinate2D+.swift */ = {isa = PBXFileReference; lastKnownFileType = sourcecode.swift; path = "CLLocationCoordinate2D+.swift"; sourceTree = "<group>"; };
		473CC54923F2E7210005AA26 /* UIImage+.swift */ = {isa = PBXFileReference; lastKnownFileType = sourcecode.swift; path = "UIImage+.swift"; sourceTree = "<group>"; };
		473CC55023F2EA470005AA26 /* CharacterCollectionViewCell.swift */ = {isa = PBXFileReference; lastKnownFileType = sourcecode.swift; path = CharacterCollectionViewCell.swift; sourceTree = "<group>"; };
		476D4E3423ECF0420057FE6E /* SceneLocationType.swift */ = {isa = PBXFileReference; lastKnownFileType = sourcecode.swift; path = SceneLocationType.swift; sourceTree = "<group>"; };
		479E314123EC43E5000EBA39 /* BatmanHelp.app */ = {isa = PBXFileReference; explicitFileType = wrapper.application; includeInIndex = 0; path = BatmanHelp.app; sourceTree = BUILT_PRODUCTS_DIR; };
		479E314423EC43E5000EBA39 /* AppDelegate.swift */ = {isa = PBXFileReference; lastKnownFileType = sourcecode.swift; path = AppDelegate.swift; sourceTree = "<group>"; };
		479E314623EC43E5000EBA39 /* SceneDelegate.swift */ = {isa = PBXFileReference; lastKnownFileType = sourcecode.swift; path = SceneDelegate.swift; sourceTree = "<group>"; };
		479E314823EC43E5000EBA39 /* ViewController.swift */ = {isa = PBXFileReference; lastKnownFileType = sourcecode.swift; path = ViewController.swift; sourceTree = "<group>"; };
		479E314B23EC43E5000EBA39 /* Base */ = {isa = PBXFileReference; lastKnownFileType = file.storyboard; name = Base; path = Base.lproj/Main.storyboard; sourceTree = "<group>"; };
		479E314D23EC43E6000EBA39 /* Assets.xcassets */ = {isa = PBXFileReference; lastKnownFileType = folder.assetcatalog; path = Assets.xcassets; sourceTree = "<group>"; };
		479E315023EC43E6000EBA39 /* Base */ = {isa = PBXFileReference; lastKnownFileType = file.storyboard; name = Base; path = Base.lproj/LaunchScreen.storyboard; sourceTree = "<group>"; };
		479E315723EC43E6000EBA39 /* BatmanHelpTests.xctest */ = {isa = PBXFileReference; explicitFileType = wrapper.cfbundle; includeInIndex = 0; path = BatmanHelpTests.xctest; sourceTree = BUILT_PRODUCTS_DIR; };
		479E315B23EC43E6000EBA39 /* Batman__helpTests.swift */ = {isa = PBXFileReference; lastKnownFileType = sourcecode.swift; path = Batman__helpTests.swift; sourceTree = "<group>"; };
		479E315D23EC43E6000EBA39 /* Info.plist */ = {isa = PBXFileReference; lastKnownFileType = text.plist.xml; path = Info.plist; sourceTree = "<group>"; };
		479E316223EC43E6000EBA39 /* BatmanHelpUITests.xctest */ = {isa = PBXFileReference; explicitFileType = wrapper.cfbundle; includeInIndex = 0; path = BatmanHelpUITests.xctest; sourceTree = BUILT_PRODUCTS_DIR; };
		479E316623EC43E6000EBA39 /* Batman__helpUITests.swift */ = {isa = PBXFileReference; lastKnownFileType = sourcecode.swift; path = Batman__helpUITests.swift; sourceTree = "<group>"; };
		479E316823EC43E6000EBA39 /* Info.plist */ = {isa = PBXFileReference; lastKnownFileType = text.plist.xml; path = Info.plist; sourceTree = "<group>"; };
		479E317423EC4515000EBA39 /* DatabaseAccess.swift */ = {isa = PBXFileReference; fileEncoding = 4; lastKnownFileType = sourcecode.swift; path = DatabaseAccess.swift; sourceTree = "<group>"; };
		479E317523EC4515000EBA39 /* Singleton.swift */ = {isa = PBXFileReference; fileEncoding = 4; lastKnownFileType = sourcecode.swift; path = Singleton.swift; sourceTree = "<group>"; };
		479E317823EC452A000EBA39 /* SceneLocation.swift */ = {isa = PBXFileReference; fileEncoding = 4; lastKnownFileType = sourcecode.swift; path = SceneLocation.swift; sourceTree = "<group>"; };
		479E317923EC452A000EBA39 /* Character.swift */ = {isa = PBXFileReference; fileEncoding = 4; lastKnownFileType = sourcecode.swift; path = Character.swift; sourceTree = "<group>"; };
		479E317A23EC452B000EBA39 /* CharacterType.swift */ = {isa = PBXFileReference; fileEncoding = 4; lastKnownFileType = sourcecode.swift; path = CharacterType.swift; sourceTree = "<group>"; };
		479E318023EC4FD3000EBA39 /* MenuViewController.swift */ = {isa = PBXFileReference; lastKnownFileType = sourcecode.swift; path = MenuViewController.swift; sourceTree = "<group>"; };
		47ADCD9923F449D500781053 /* UIColor+.swift */ = {isa = PBXFileReference; lastKnownFileType = sourcecode.swift; path = "UIColor+.swift"; sourceTree = "<group>"; };
		47ADCD9B23F575D800781053 /* SceneLocationAnnotation.swift */ = {isa = PBXFileReference; lastKnownFileType = sourcecode.swift; path = SceneLocationAnnotation.swift; sourceTree = "<group>"; };
		47ADCD9D23F5836D00781053 /* SceneCalloutView.xib */ = {isa = PBXFileReference; lastKnownFileType = file.xib; path = SceneCalloutView.xib; sourceTree = "<group>"; };
		47ADCD9F23F583C300781053 /* SceneCalloutView.swift */ = {isa = PBXFileReference; lastKnownFileType = sourcecode.swift; path = SceneCalloutView.swift; sourceTree = "<group>"; };
		47ADCDA523F5E73800781053 /* MKCustomAnnotationView.swift */ = {isa = PBXFileReference; lastKnownFileType = sourcecode.swift; path = MKCustomAnnotationView.swift; sourceTree = "<group>"; };
		47ADCDA723F5E8C200781053 /* Few filters - v3.mlmodel */ = {isa = PBXFileReference; lastKnownFileType = file.mlmodel; name = "Few filters - v3.mlmodel"; path = "../../../Modelo/BatmanClassfiier.mlproj/Models/Few filters - v3.mlmodel"; sourceTree = "<group>"; };
		47ADCDA923F5E8D200781053 /* Lots of Iterations - v3.mlmodel */ = {isa = PBXFileReference; lastKnownFileType = file.mlmodel; name = "Lots of Iterations - v3.mlmodel"; path = "../../../Modelo/BatmanClassfiier.mlproj/Models/Lots of Iterations - v3.mlmodel"; sourceTree = "<group>"; };
		47ADCDAB23F5F8B500781053 /* CharacterViewController.swift */ = {isa = PBXFileReference; lastKnownFileType = sourcecode.swift; path = CharacterViewController.swift; sourceTree = "<group>"; };
		47ADCDAD23F6C6C300781053 /* MapDarkStyle.json */ = {isa = PBXFileReference; lastKnownFileType = text.json; path = MapDarkStyle.json; sourceTree = "<group>"; };
		47ADCDAF23F6C7DE00781053 /* MapSilverStyle.json */ = {isa = PBXFileReference; lastKnownFileType = text.json; path = MapSilverStyle.json; sourceTree = "<group>"; };
		47ADCDB123F6C83D00781053 /* MapBlueStyle.json */ = {isa = PBXFileReference; lastKnownFileType = text.json; path = MapBlueStyle.json; sourceTree = "<group>"; };
		47ADCDB323F6C9D800781053 /* MapRetroStyle.json */ = {isa = PBXFileReference; lastKnownFileType = text.json; path = MapRetroStyle.json; sourceTree = "<group>"; };
		47B7454F23F33BB0007328FD /* batmfo__.ttf */ = {isa = PBXFileReference; lastKnownFileType = file; path = batmfo__.ttf; sourceTree = "<group>"; };
		47B7455123F33BBA007328FD /* batmfa__.ttf */ = {isa = PBXFileReference; lastKnownFileType = file; path = batmfa__.ttf; sourceTree = "<group>"; };
		47CB1A3B23F44330006B9686 /* Info.plist */ = {isa = PBXFileReference; fileEncoding = 4; lastKnownFileType = text.plist.xml; path = Info.plist; sourceTree = "<group>"; };
		789A9C1576CDCF2E5003037D /* Pods-BatmanHelp.release.xcconfig */ = {isa = PBXFileReference; includeInIndex = 1; lastKnownFileType = text.xcconfig; name = "Pods-BatmanHelp.release.xcconfig"; path = "Target Support Files/Pods-BatmanHelp/Pods-BatmanHelp.release.xcconfig"; sourceTree = "<group>"; };
		7B364BC069C0B2B3631EED2F /* Pods_BatmanHelpTests.framework */ = {isa = PBXFileReference; explicitFileType = wrapper.framework; includeInIndex = 0; path = Pods_BatmanHelpTests.framework; sourceTree = BUILT_PRODUCTS_DIR; };
		ABD9222D3C053AD1B4F258AD /* Pods-BatmanHelp.debug.xcconfig */ = {isa = PBXFileReference; includeInIndex = 1; lastKnownFileType = text.xcconfig; name = "Pods-BatmanHelp.debug.xcconfig"; path = "Target Support Files/Pods-BatmanHelp/Pods-BatmanHelp.debug.xcconfig"; sourceTree = "<group>"; };
		AED285151BCD74A0B434E3F3 /* Pods_BatmanHelp.framework */ = {isa = PBXFileReference; explicitFileType = wrapper.framework; includeInIndex = 0; path = Pods_BatmanHelp.framework; sourceTree = BUILT_PRODUCTS_DIR; };
		E3C105441292377D9B34EA92 /* Pods_BatmanHelp_BatmanHelpUITests.framework */ = {isa = PBXFileReference; explicitFileType = wrapper.framework; includeInIndex = 0; path = Pods_BatmanHelp_BatmanHelpUITests.framework; sourceTree = BUILT_PRODUCTS_DIR; };
		FF64EA9B9CBB220A35BA8BCD /* Pods-BatmanHelpTests.debug.xcconfig */ = {isa = PBXFileReference; includeInIndex = 1; lastKnownFileType = text.xcconfig; name = "Pods-BatmanHelpTests.debug.xcconfig"; path = "Target Support Files/Pods-BatmanHelpTests/Pods-BatmanHelpTests.debug.xcconfig"; sourceTree = "<group>"; };
/* End PBXFileReference section */

/* Begin PBXFrameworksBuildPhase section */
		479E313E23EC43E5000EBA39 /* Frameworks */ = {
			isa = PBXFrameworksBuildPhase;
			buildActionMask = 2147483647;
			files = (
				473CC54023F2C8DC0005AA26 /* CloudKit.framework in Frameworks */,
				A18230988D047C988AC9B37D /* Pods_BatmanHelp.framework in Frameworks */,
			);
			runOnlyForDeploymentPostprocessing = 0;
		};
		479E315423EC43E6000EBA39 /* Frameworks */ = {
			isa = PBXFrameworksBuildPhase;
			buildActionMask = 2147483647;
			files = (
				35EDF39FC27FB21BA3EBCED9 /* Pods_BatmanHelpTests.framework in Frameworks */,
			);
			runOnlyForDeploymentPostprocessing = 0;
		};
		479E315F23EC43E6000EBA39 /* Frameworks */ = {
			isa = PBXFrameworksBuildPhase;
			buildActionMask = 2147483647;
			files = (
				B3DF12D120A9B92085BE2945 /* Pods_BatmanHelp_BatmanHelpUITests.framework in Frameworks */,
			);
			runOnlyForDeploymentPostprocessing = 0;
		};
/* End PBXFrameworksBuildPhase section */

/* Begin PBXGroup section */
		3D5D6AC2E7A4F7F7EA9659C3 /* Pods */ = {
			isa = PBXGroup;
			children = (
				ABD9222D3C053AD1B4F258AD /* Pods-BatmanHelp.debug.xcconfig */,
				789A9C1576CDCF2E5003037D /* Pods-BatmanHelp.release.xcconfig */,
				4618655E5689AB24AFD05715 /* Pods-BatmanHelp-BatmanHelpUITests.debug.xcconfig */,
				0FE0095A1EC8962F7426C924 /* Pods-BatmanHelp-BatmanHelpUITests.release.xcconfig */,
				FF64EA9B9CBB220A35BA8BCD /* Pods-BatmanHelpTests.debug.xcconfig */,
				3FEB56825189CB6A475AF4C8 /* Pods-BatmanHelpTests.release.xcconfig */,
			);
			path = Pods;
			sourceTree = "<group>";
		};
		470FC07323EE0CC8001A59A1 /* MLModels */ = {
			isa = PBXGroup;
			children = (
				47ADCDA723F5E8C200781053 /* Few filters - v3.mlmodel */,
				470FC07A23EF68C8001A59A1 /* More Filters - v3.mlmodel */,
				470FC06F23EE0B21001A59A1 /* Some Filters - v1.mlmodel */,
				47ADCDA923F5E8D200781053 /* Lots of Iterations - v3.mlmodel */,
				470FC07123EE0CBF001A59A1 /* No filters - v2.mlmodel */,
			);
			path = MLModels;
			sourceTree = "<group>";
		};
		473CC53E23F2C8DC0005AA26 /* Frameworks */ = {
			isa = PBXGroup;
			children = (
				4705EB4723F43ADD001365B1 /* Charts.framework */,
				473CC53F23F2C8DC0005AA26 /* CloudKit.framework */,
				AED285151BCD74A0B434E3F3 /* Pods_BatmanHelp.framework */,
				E3C105441292377D9B34EA92 /* Pods_BatmanHelp_BatmanHelpUITests.framework */,
				7B364BC069C0B2B3631EED2F /* Pods_BatmanHelpTests.framework */,
			);
			name = Frameworks;
			sourceTree = "<group>";
		};
		473CC54D23F2E8260005AA26 /* Controllers */ = {
			isa = PBXGroup;
			children = (
				479E318023EC4FD3000EBA39 /* MenuViewController.swift */,
				470FC07423EE0D38001A59A1 /* ReportViewController.swift */,
				473CC54123F2CC180005AA26 /* CharacterListViewController.swift */,
				4705EB4523F435EA001365B1 /* CharacterTableViewController.swift */,
				47ADCDAB23F5F8B500781053 /* CharacterViewController.swift */,
			);
			path = Controllers;
			sourceTree = "<group>";
		};
		473CC54E23F2E8300005AA26 /* Extensions */ = {
			isa = PBXGroup;
			children = (
				473CC54523F2E3190005AA26 /* CKAsset+.swift */,
				473CC54723F2E32C0005AA26 /* CLLocationCoordinate2D+.swift */,
				473CC54923F2E7210005AA26 /* UIImage+.swift */,
				47ADCD9923F449D500781053 /* UIColor+.swift */,
			);
			path = Extensions;
			sourceTree = "<group>";
		};
		473CC54F23F2E83B0005AA26 /* Cells */ = {
			isa = PBXGroup;
			children = (
				473CC55023F2EA470005AA26 /* CharacterCollectionViewCell.swift */,
			);
			path = Cells;
			sourceTree = "<group>";
		};
		479E313823EC43E5000EBA39 = {
			isa = PBXGroup;
			children = (
				479E314323EC43E5000EBA39 /* Batman, help */,
				479E315A23EC43E6000EBA39 /* Batman, helpTests */,
				479E316523EC43E6000EBA39 /* Batman, helpUITests */,
				479E314223EC43E5000EBA39 /* Products */,
				473CC53E23F2C8DC0005AA26 /* Frameworks */,
				3D5D6AC2E7A4F7F7EA9659C3 /* Pods */,
			);
			sourceTree = "<group>";
		};
		479E314223EC43E5000EBA39 /* Products */ = {
			isa = PBXGroup;
			children = (
				479E314123EC43E5000EBA39 /* BatmanHelp.app */,
				479E315723EC43E6000EBA39 /* BatmanHelpTests.xctest */,
				479E316223EC43E6000EBA39 /* BatmanHelpUITests.xctest */,
			);
			name = Products;
			sourceTree = "<group>";
		};
		479E314323EC43E5000EBA39 /* Batman, help */ = {
			isa = PBXGroup;
			children = (
				47CB1A3B23F44330006B9686 /* Info.plist */,
				47B7455123F33BBA007328FD /* batmfa__.ttf */,
				47B7454F23F33BB0007328FD /* batmfo__.ttf */,
				473CC53D23F2C8D90005AA26 /* Batman, help.entitlements */,
				479E314423EC43E5000EBA39 /* AppDelegate.swift */,
				479E314623EC43E5000EBA39 /* SceneDelegate.swift */,
				479E314823EC43E5000EBA39 /* ViewController.swift */,
				479E314A23EC43E5000EBA39 /* Main.storyboard */,
				479E314D23EC43E6000EBA39 /* Assets.xcassets */,
				479E314F23EC43E6000EBA39 /* LaunchScreen.storyboard */,
				470FC08023F17ABE001A59A1 /* ConsoleDebugLogger.swift */,
				473CC54F23F2E83B0005AA26 /* Cells */,
				473CC54D23F2E8260005AA26 /* Controllers */,
				479E317F23EC4605000EBA39 /* Database */,
				473CC54E23F2E8300005AA26 /* Extensions */,
				479E317E23EC4600000EBA39 /* Model */,
				470FC07323EE0CC8001A59A1 /* MLModels */,
				47ADCD9D23F5836D00781053 /* SceneCalloutView.xib */,
				47ADCD9F23F583C300781053 /* SceneCalloutView.swift */,
				47ADCDA523F5E73800781053 /* MKCustomAnnotationView.swift */,
				47ADCDB523F6C9E000781053 /* Map Styling */,
			);
			path = "Batman, help";
			sourceTree = "<group>";
		};
		479E315A23EC43E6000EBA39 /* Batman, helpTests */ = {
			isa = PBXGroup;
			children = (
				479E315B23EC43E6000EBA39 /* Batman__helpTests.swift */,
				479E315D23EC43E6000EBA39 /* Info.plist */,
			);
			path = "Batman, helpTests";
			sourceTree = "<group>";
		};
		479E316523EC43E6000EBA39 /* Batman, helpUITests */ = {
			isa = PBXGroup;
			children = (
				479E316623EC43E6000EBA39 /* Batman__helpUITests.swift */,
				479E316823EC43E6000EBA39 /* Info.plist */,
			);
			path = "Batman, helpUITests";
			sourceTree = "<group>";
		};
		479E317E23EC4600000EBA39 /* Model */ = {
			isa = PBXGroup;
			children = (
				479E317923EC452A000EBA39 /* Character.swift */,
				479E317A23EC452B000EBA39 /* CharacterType.swift */,
				479E317823EC452A000EBA39 /* SceneLocation.swift */,
				476D4E3423ECF0420057FE6E /* SceneLocationType.swift */,
				473CC54323F2D2C30005AA26 /* CharacterPowerstats.swift */,
				47ADCD9B23F575D800781053 /* SceneLocationAnnotation.swift */,
			);
			path = Model;
			sourceTree = "<group>";
		};
		479E317F23EC4605000EBA39 /* Database */ = {
			isa = PBXGroup;
			children = (
				479E317523EC4515000EBA39 /* Singleton.swift */,
				479E317423EC4515000EBA39 /* DatabaseAccess.swift */,
				470FC07E23F17A2D001A59A1 /* CloudKitManager.swift */,
			);
			path = Database;
			sourceTree = "<group>";
		};
		47ADCDB523F6C9E000781053 /* Map Styling */ = {
			isa = PBXGroup;
			children = (
				47ADCDAD23F6C6C300781053 /* MapDarkStyle.json */,
				47ADCDAF23F6C7DE00781053 /* MapSilverStyle.json */,
				47ADCDB123F6C83D00781053 /* MapBlueStyle.json */,
				47ADCDB323F6C9D800781053 /* MapRetroStyle.json */,
			);
			path = "Map Styling";
			sourceTree = "<group>";
		};
/* End PBXGroup section */

/* Begin PBXNativeTarget section */
		479E314023EC43E5000EBA39 /* BatmanHelp */ = {
			isa = PBXNativeTarget;
			buildConfigurationList = 479E316B23EC43E6000EBA39 /* Build configuration list for PBXNativeTarget "BatmanHelp" */;
			buildPhases = (
				20FE0872630A5D2B66FE6F54 /* [CP] Check Pods Manifest.lock */,
				479E313D23EC43E5000EBA39 /* Sources */,
				479E313E23EC43E5000EBA39 /* Frameworks */,
				479E313F23EC43E5000EBA39 /* Resources */,
				731A76606B87739FB7E47FA4 /* [CP] Embed Pods Frameworks */,
			);
			buildRules = (
			);
			dependencies = (
			);
			name = BatmanHelp;
			productName = "Batman, help";
			productReference = 479E314123EC43E5000EBA39 /* BatmanHelp.app */;
			productType = "com.apple.product-type.application";
		};
		479E315623EC43E6000EBA39 /* BatmanHelpTests */ = {
			isa = PBXNativeTarget;
			buildConfigurationList = 479E316E23EC43E6000EBA39 /* Build configuration list for PBXNativeTarget "BatmanHelpTests" */;
			buildPhases = (
				FA162247849EBE12936EA085 /* [CP] Check Pods Manifest.lock */,
				479E315323EC43E6000EBA39 /* Sources */,
				479E315423EC43E6000EBA39 /* Frameworks */,
				479E315523EC43E6000EBA39 /* Resources */,
			);
			buildRules = (
			);
			dependencies = (
				479E315923EC43E6000EBA39 /* PBXTargetDependency */,
			);
			name = BatmanHelpTests;
			productName = "Batman, helpTests";
			productReference = 479E315723EC43E6000EBA39 /* BatmanHelpTests.xctest */;
			productType = "com.apple.product-type.bundle.unit-test";
		};
		479E316123EC43E6000EBA39 /* BatmanHelpUITests */ = {
			isa = PBXNativeTarget;
			buildConfigurationList = 479E317123EC43E6000EBA39 /* Build configuration list for PBXNativeTarget "BatmanHelpUITests" */;
			buildPhases = (
				5438D3CDE96E7E51D873465B /* [CP] Check Pods Manifest.lock */,
				479E315E23EC43E6000EBA39 /* Sources */,
				479E315F23EC43E6000EBA39 /* Frameworks */,
				479E316023EC43E6000EBA39 /* Resources */,
				5A88EF1AEBA85C96B6C8A7E1 /* [CP] Embed Pods Frameworks */,
			);
			buildRules = (
			);
			dependencies = (
				479E316423EC43E6000EBA39 /* PBXTargetDependency */,
			);
			name = BatmanHelpUITests;
			productName = "Batman, helpUITests";
			productReference = 479E316223EC43E6000EBA39 /* BatmanHelpUITests.xctest */;
			productType = "com.apple.product-type.bundle.ui-testing";
		};
/* End PBXNativeTarget section */

/* Begin PBXProject section */
		479E313923EC43E5000EBA39 /* Project object */ = {
			isa = PBXProject;
			attributes = {
				LastSwiftUpdateCheck = 1130;
				LastUpgradeCheck = 1130;
				ORGANIZATIONNAME = "Enzo Maruffa Moreira";
				TargetAttributes = {
					479E314023EC43E5000EBA39 = {
						CreatedOnToolsVersion = 11.3.1;
					};
					479E315623EC43E6000EBA39 = {
						CreatedOnToolsVersion = 11.3.1;
						TestTargetID = 479E314023EC43E5000EBA39;
					};
					479E316123EC43E6000EBA39 = {
						CreatedOnToolsVersion = 11.3.1;
						TestTargetID = 479E314023EC43E5000EBA39;
					};
				};
			};
			buildConfigurationList = 479E313C23EC43E5000EBA39 /* Build configuration list for PBXProject "BatmanHelp" */;
			compatibilityVersion = "Xcode 9.3";
			developmentRegion = en;
			hasScannedForEncodings = 0;
			knownRegions = (
				en,
				Base,
			);
			mainGroup = 479E313823EC43E5000EBA39;
			productRefGroup = 479E314223EC43E5000EBA39 /* Products */;
			projectDirPath = "";
			projectRoot = "";
			targets = (
				479E314023EC43E5000EBA39 /* BatmanHelp */,
				479E315623EC43E6000EBA39 /* BatmanHelpTests */,
				479E316123EC43E6000EBA39 /* BatmanHelpUITests */,
			);
		};
/* End PBXProject section */

/* Begin PBXResourcesBuildPhase section */
		479E313F23EC43E5000EBA39 /* Resources */ = {
			isa = PBXResourcesBuildPhase;
			buildActionMask = 2147483647;
			files = (
				47ADCD9E23F5836D00781053 /* SceneCalloutView.xib in Resources */,
				479E315123EC43E6000EBA39 /* LaunchScreen.storyboard in Resources */,
				47ADCDB023F6C7DE00781053 /* MapSilverStyle.json in Resources */,
				47B7455223F33BBB007328FD /* batmfa__.ttf in Resources */,
				47ADCDAE23F6C6C300781053 /* MapDarkStyle.json in Resources */,
				47ADCDB223F6C83D00781053 /* MapBlueStyle.json in Resources */,
				47B7455023F33BB0007328FD /* batmfo__.ttf in Resources */,
				479E314E23EC43E6000EBA39 /* Assets.xcassets in Resources */,
				47ADCDB423F6C9D800781053 /* MapRetroStyle.json in Resources */,
				479E314C23EC43E5000EBA39 /* Main.storyboard in Resources */,
			);
			runOnlyForDeploymentPostprocessing = 0;
		};
		479E315523EC43E6000EBA39 /* Resources */ = {
			isa = PBXResourcesBuildPhase;
			buildActionMask = 2147483647;
			files = (
			);
			runOnlyForDeploymentPostprocessing = 0;
		};
		479E316023EC43E6000EBA39 /* Resources */ = {
			isa = PBXResourcesBuildPhase;
			buildActionMask = 2147483647;
			files = (
			);
			runOnlyForDeploymentPostprocessing = 0;
		};
/* End PBXResourcesBuildPhase section */

/* Begin PBXShellScriptBuildPhase section */
		20FE0872630A5D2B66FE6F54 /* [CP] Check Pods Manifest.lock */ = {
			isa = PBXShellScriptBuildPhase;
			buildActionMask = 2147483647;
			files = (
			);
			inputFileListPaths = (
			);
			inputPaths = (
				"${PODS_PODFILE_DIR_PATH}/Podfile.lock",
				"${PODS_ROOT}/Manifest.lock",
			);
			name = "[CP] Check Pods Manifest.lock";
			outputFileListPaths = (
			);
			outputPaths = (
				"$(DERIVED_FILE_DIR)/Pods-BatmanHelp-checkManifestLockResult.txt",
			);
			runOnlyForDeploymentPostprocessing = 0;
			shellPath = /bin/sh;
			shellScript = "diff \"${PODS_PODFILE_DIR_PATH}/Podfile.lock\" \"${PODS_ROOT}/Manifest.lock\" > /dev/null\nif [ $? != 0 ] ; then\n    # print error to STDERR\n    echo \"error: The sandbox is not in sync with the Podfile.lock. Run 'pod install' or update your CocoaPods installation.\" >&2\n    exit 1\nfi\n# This output is used by Xcode 'outputs' to avoid re-running this script phase.\necho \"SUCCESS\" > \"${SCRIPT_OUTPUT_FILE_0}\"\n";
			showEnvVarsInLog = 0;
		};
		5438D3CDE96E7E51D873465B /* [CP] Check Pods Manifest.lock */ = {
			isa = PBXShellScriptBuildPhase;
			buildActionMask = 2147483647;
			files = (
			);
			inputFileListPaths = (
			);
			inputPaths = (
				"${PODS_PODFILE_DIR_PATH}/Podfile.lock",
				"${PODS_ROOT}/Manifest.lock",
			);
			name = "[CP] Check Pods Manifest.lock";
			outputFileListPaths = (
			);
			outputPaths = (
				"$(DERIVED_FILE_DIR)/Pods-BatmanHelp-BatmanHelpUITests-checkManifestLockResult.txt",
			);
			runOnlyForDeploymentPostprocessing = 0;
			shellPath = /bin/sh;
			shellScript = "diff \"${PODS_PODFILE_DIR_PATH}/Podfile.lock\" \"${PODS_ROOT}/Manifest.lock\" > /dev/null\nif [ $? != 0 ] ; then\n    # print error to STDERR\n    echo \"error: The sandbox is not in sync with the Podfile.lock. Run 'pod install' or update your CocoaPods installation.\" >&2\n    exit 1\nfi\n# This output is used by Xcode 'outputs' to avoid re-running this script phase.\necho \"SUCCESS\" > \"${SCRIPT_OUTPUT_FILE_0}\"\n";
			showEnvVarsInLog = 0;
		};
		5A88EF1AEBA85C96B6C8A7E1 /* [CP] Embed Pods Frameworks */ = {
			isa = PBXShellScriptBuildPhase;
			buildActionMask = 2147483647;
			files = (
			);
			inputFileListPaths = (
				"${PODS_ROOT}/Target Support Files/Pods-BatmanHelp-BatmanHelpUITests/Pods-BatmanHelp-BatmanHelpUITests-frameworks-${CONFIGURATION}-input-files.xcfilelist",
			);
			name = "[CP] Embed Pods Frameworks";
			outputFileListPaths = (
				"${PODS_ROOT}/Target Support Files/Pods-BatmanHelp-BatmanHelpUITests/Pods-BatmanHelp-BatmanHelpUITests-frameworks-${CONFIGURATION}-output-files.xcfilelist",
			);
			runOnlyForDeploymentPostprocessing = 0;
			shellPath = /bin/sh;
			shellScript = "\"${PODS_ROOT}/Target Support Files/Pods-BatmanHelp-BatmanHelpUITests/Pods-BatmanHelp-BatmanHelpUITests-frameworks.sh\"\n";
			showEnvVarsInLog = 0;
		};
		731A76606B87739FB7E47FA4 /* [CP] Embed Pods Frameworks */ = {
			isa = PBXShellScriptBuildPhase;
			buildActionMask = 2147483647;
			files = (
			);
			inputFileListPaths = (
				"${PODS_ROOT}/Target Support Files/Pods-BatmanHelp/Pods-BatmanHelp-frameworks-${CONFIGURATION}-input-files.xcfilelist",
			);
			name = "[CP] Embed Pods Frameworks";
			outputFileListPaths = (
				"${PODS_ROOT}/Target Support Files/Pods-BatmanHelp/Pods-BatmanHelp-frameworks-${CONFIGURATION}-output-files.xcfilelist",
			);
			runOnlyForDeploymentPostprocessing = 0;
			shellPath = /bin/sh;
			shellScript = "\"${PODS_ROOT}/Target Support Files/Pods-BatmanHelp/Pods-BatmanHelp-frameworks.sh\"\n";
			showEnvVarsInLog = 0;
		};
		FA162247849EBE12936EA085 /* [CP] Check Pods Manifest.lock */ = {
			isa = PBXShellScriptBuildPhase;
			buildActionMask = 2147483647;
			files = (
			);
			inputFileListPaths = (
			);
			inputPaths = (
				"${PODS_PODFILE_DIR_PATH}/Podfile.lock",
				"${PODS_ROOT}/Manifest.lock",
			);
			name = "[CP] Check Pods Manifest.lock";
			outputFileListPaths = (
			);
			outputPaths = (
				"$(DERIVED_FILE_DIR)/Pods-BatmanHelpTests-checkManifestLockResult.txt",
			);
			runOnlyForDeploymentPostprocessing = 0;
			shellPath = /bin/sh;
			shellScript = "diff \"${PODS_PODFILE_DIR_PATH}/Podfile.lock\" \"${PODS_ROOT}/Manifest.lock\" > /dev/null\nif [ $? != 0 ] ; then\n    # print error to STDERR\n    echo \"error: The sandbox is not in sync with the Podfile.lock. Run 'pod install' or update your CocoaPods installation.\" >&2\n    exit 1\nfi\n# This output is used by Xcode 'outputs' to avoid re-running this script phase.\necho \"SUCCESS\" > \"${SCRIPT_OUTPUT_FILE_0}\"\n";
			showEnvVarsInLog = 0;
		};
/* End PBXShellScriptBuildPhase section */

/* Begin PBXSourcesBuildPhase section */
		479E313D23EC43E5000EBA39 /* Sources */ = {
			isa = PBXSourcesBuildPhase;
			buildActionMask = 2147483647;
			files = (
				470FC07023EE0B22001A59A1 /* Some Filters - v1.mlmodel in Sources */,
				473CC54423F2D2C30005AA26 /* CharacterPowerstats.swift in Sources */,
				470FC07523EE0D38001A59A1 /* ReportViewController.swift in Sources */,
				47ADCDA623F5E73800781053 /* MKCustomAnnotationView.swift in Sources */,
				479E314923EC43E5000EBA39 /* ViewController.swift in Sources */,
				476D4E3523ECF0420057FE6E /* SceneLocationType.swift in Sources */,
				47ADCDAC23F5F8B500781053 /* CharacterViewController.swift in Sources */,
				473CC54823F2E32C0005AA26 /* CLLocationCoordinate2D+.swift in Sources */,
				479E317B23EC452B000EBA39 /* SceneLocation.swift in Sources */,
				470FC07B23EF68C8001A59A1 /* More Filters - v3.mlmodel in Sources */,
				4705EB4623F435EA001365B1 /* CharacterTableViewController.swift in Sources */,
				479E317C23EC452B000EBA39 /* Character.swift in Sources */,
				479E317723EC4515000EBA39 /* Singleton.swift in Sources */,
				479E318123EC4FD3000EBA39 /* MenuViewController.swift in Sources */,
				47ADCDA823F5E8C200781053 /* Few filters - v3.mlmodel in Sources */,
				473CC54223F2CC180005AA26 /* CharacterListViewController.swift in Sources */,
				479E314523EC43E5000EBA39 /* AppDelegate.swift in Sources */,
				473CC54623F2E3190005AA26 /* CKAsset+.swift in Sources */,
				479E317D23EC452B000EBA39 /* CharacterType.swift in Sources */,
				47ADCD9C23F575D800781053 /* SceneLocationAnnotation.swift in Sources */,
				47ADCDAA23F5E8D200781053 /* Lots of Iterations - v3.mlmodel in Sources */,
				473CC54A23F2E7210005AA26 /* UIImage+.swift in Sources */,
				47ADCDA023F583C300781053 /* SceneCalloutView.swift in Sources */,
				47ADCD9A23F449D500781053 /* UIColor+.swift in Sources */,
				479E317623EC4515000EBA39 /* DatabaseAccess.swift in Sources */,
				470FC07223EE0CBF001A59A1 /* No filters - v2.mlmodel in Sources */,
				470FC08123F17ABE001A59A1 /* ConsoleDebugLogger.swift in Sources */,
				479E314723EC43E5000EBA39 /* SceneDelegate.swift in Sources */,
				473CC55123F2EA470005AA26 /* CharacterCollectionViewCell.swift in Sources */,
				470FC07F23F17A2D001A59A1 /* CloudKitManager.swift in Sources */,
			);
			runOnlyForDeploymentPostprocessing = 0;
		};
		479E315323EC43E6000EBA39 /* Sources */ = {
			isa = PBXSourcesBuildPhase;
			buildActionMask = 2147483647;
			files = (
				479E315C23EC43E6000EBA39 /* Batman__helpTests.swift in Sources */,
			);
			runOnlyForDeploymentPostprocessing = 0;
		};
		479E315E23EC43E6000EBA39 /* Sources */ = {
			isa = PBXSourcesBuildPhase;
			buildActionMask = 2147483647;
			files = (
				479E316723EC43E6000EBA39 /* Batman__helpUITests.swift in Sources */,
			);
			runOnlyForDeploymentPostprocessing = 0;
		};
/* End PBXSourcesBuildPhase section */

/* Begin PBXTargetDependency section */
		479E315923EC43E6000EBA39 /* PBXTargetDependency */ = {
			isa = PBXTargetDependency;
			target = 479E314023EC43E5000EBA39 /* BatmanHelp */;
			targetProxy = 479E315823EC43E6000EBA39 /* PBXContainerItemProxy */;
		};
		479E316423EC43E6000EBA39 /* PBXTargetDependency */ = {
			isa = PBXTargetDependency;
			target = 479E314023EC43E5000EBA39 /* BatmanHelp */;
			targetProxy = 479E316323EC43E6000EBA39 /* PBXContainerItemProxy */;
		};
/* End PBXTargetDependency section */

/* Begin PBXVariantGroup section */
		479E314A23EC43E5000EBA39 /* Main.storyboard */ = {
			isa = PBXVariantGroup;
			children = (
				479E314B23EC43E5000EBA39 /* Base */,
			);
			name = Main.storyboard;
			sourceTree = "<group>";
		};
		479E314F23EC43E6000EBA39 /* LaunchScreen.storyboard */ = {
			isa = PBXVariantGroup;
			children = (
				479E315023EC43E6000EBA39 /* Base */,
			);
			name = LaunchScreen.storyboard;
			sourceTree = "<group>";
		};
/* End PBXVariantGroup section */

/* Begin XCBuildConfiguration section */
		479E316923EC43E6000EBA39 /* Debug */ = {
			isa = XCBuildConfiguration;
			buildSettings = {
				ALWAYS_SEARCH_USER_PATHS = NO;
				CLANG_ANALYZER_NONNULL = YES;
				CLANG_ANALYZER_NUMBER_OBJECT_CONVERSION = YES_AGGRESSIVE;
				CLANG_CXX_LANGUAGE_STANDARD = "gnu++14";
				CLANG_CXX_LIBRARY = "libc++";
				CLANG_ENABLE_MODULES = YES;
				CLANG_ENABLE_OBJC_ARC = YES;
				CLANG_ENABLE_OBJC_WEAK = YES;
				CLANG_WARN_BLOCK_CAPTURE_AUTORELEASING = YES;
				CLANG_WARN_BOOL_CONVERSION = YES;
				CLANG_WARN_COMMA = YES;
				CLANG_WARN_CONSTANT_CONVERSION = YES;
				CLANG_WARN_DEPRECATED_OBJC_IMPLEMENTATIONS = YES;
				CLANG_WARN_DIRECT_OBJC_ISA_USAGE = YES_ERROR;
				CLANG_WARN_DOCUMENTATION_COMMENTS = YES;
				CLANG_WARN_EMPTY_BODY = YES;
				CLANG_WARN_ENUM_CONVERSION = YES;
				CLANG_WARN_INFINITE_RECURSION = YES;
				CLANG_WARN_INT_CONVERSION = YES;
				CLANG_WARN_NON_LITERAL_NULL_CONVERSION = YES;
				CLANG_WARN_OBJC_IMPLICIT_RETAIN_SELF = YES;
				CLANG_WARN_OBJC_LITERAL_CONVERSION = YES;
				CLANG_WARN_OBJC_ROOT_CLASS = YES_ERROR;
				CLANG_WARN_RANGE_LOOP_ANALYSIS = YES;
				CLANG_WARN_STRICT_PROTOTYPES = YES;
				CLANG_WARN_SUSPICIOUS_MOVE = YES;
				CLANG_WARN_UNGUARDED_AVAILABILITY = YES_AGGRESSIVE;
				CLANG_WARN_UNREACHABLE_CODE = YES;
				CLANG_WARN__DUPLICATE_METHOD_MATCH = YES;
				COPY_PHASE_STRIP = NO;
				DEBUG_INFORMATION_FORMAT = dwarf;
				ENABLE_STRICT_OBJC_MSGSEND = YES;
				ENABLE_TESTABILITY = YES;
				GCC_C_LANGUAGE_STANDARD = gnu11;
				GCC_DYNAMIC_NO_PIC = NO;
				GCC_NO_COMMON_BLOCKS = YES;
				GCC_OPTIMIZATION_LEVEL = 0;
				GCC_PREPROCESSOR_DEFINITIONS = (
					"DEBUG=1",
					"$(inherited)",
				);
				GCC_WARN_64_TO_32_BIT_CONVERSION = YES;
				GCC_WARN_ABOUT_RETURN_TYPE = YES_ERROR;
				GCC_WARN_UNDECLARED_SELECTOR = YES;
				GCC_WARN_UNINITIALIZED_AUTOS = YES_AGGRESSIVE;
				GCC_WARN_UNUSED_FUNCTION = YES;
				GCC_WARN_UNUSED_VARIABLE = YES;
				IPHONEOS_DEPLOYMENT_TARGET = 13.2;
				MTL_ENABLE_DEBUG_INFO = INCLUDE_SOURCE;
				MTL_FAST_MATH = YES;
				ONLY_ACTIVE_ARCH = YES;
				SDKROOT = iphoneos;
				SWIFT_ACTIVE_COMPILATION_CONDITIONS = DEBUG;
				SWIFT_OPTIMIZATION_LEVEL = "-Onone";
			};
			name = Debug;
		};
		479E316A23EC43E6000EBA39 /* Release */ = {
			isa = XCBuildConfiguration;
			buildSettings = {
				ALWAYS_SEARCH_USER_PATHS = NO;
				CLANG_ANALYZER_NONNULL = YES;
				CLANG_ANALYZER_NUMBER_OBJECT_CONVERSION = YES_AGGRESSIVE;
				CLANG_CXX_LANGUAGE_STANDARD = "gnu++14";
				CLANG_CXX_LIBRARY = "libc++";
				CLANG_ENABLE_MODULES = YES;
				CLANG_ENABLE_OBJC_ARC = YES;
				CLANG_ENABLE_OBJC_WEAK = YES;
				CLANG_WARN_BLOCK_CAPTURE_AUTORELEASING = YES;
				CLANG_WARN_BOOL_CONVERSION = YES;
				CLANG_WARN_COMMA = YES;
				CLANG_WARN_CONSTANT_CONVERSION = YES;
				CLANG_WARN_DEPRECATED_OBJC_IMPLEMENTATIONS = YES;
				CLANG_WARN_DIRECT_OBJC_ISA_USAGE = YES_ERROR;
				CLANG_WARN_DOCUMENTATION_COMMENTS = YES;
				CLANG_WARN_EMPTY_BODY = YES;
				CLANG_WARN_ENUM_CONVERSION = YES;
				CLANG_WARN_INFINITE_RECURSION = YES;
				CLANG_WARN_INT_CONVERSION = YES;
				CLANG_WARN_NON_LITERAL_NULL_CONVERSION = YES;
				CLANG_WARN_OBJC_IMPLICIT_RETAIN_SELF = YES;
				CLANG_WARN_OBJC_LITERAL_CONVERSION = YES;
				CLANG_WARN_OBJC_ROOT_CLASS = YES_ERROR;
				CLANG_WARN_RANGE_LOOP_ANALYSIS = YES;
				CLANG_WARN_STRICT_PROTOTYPES = YES;
				CLANG_WARN_SUSPICIOUS_MOVE = YES;
				CLANG_WARN_UNGUARDED_AVAILABILITY = YES_AGGRESSIVE;
				CLANG_WARN_UNREACHABLE_CODE = YES;
				CLANG_WARN__DUPLICATE_METHOD_MATCH = YES;
				COPY_PHASE_STRIP = NO;
				DEBUG_INFORMATION_FORMAT = "dwarf-with-dsym";
				ENABLE_NS_ASSERTIONS = NO;
				ENABLE_STRICT_OBJC_MSGSEND = YES;
				GCC_C_LANGUAGE_STANDARD = gnu11;
				GCC_NO_COMMON_BLOCKS = YES;
				GCC_WARN_64_TO_32_BIT_CONVERSION = YES;
				GCC_WARN_ABOUT_RETURN_TYPE = YES_ERROR;
				GCC_WARN_UNDECLARED_SELECTOR = YES;
				GCC_WARN_UNINITIALIZED_AUTOS = YES_AGGRESSIVE;
				GCC_WARN_UNUSED_FUNCTION = YES;
				GCC_WARN_UNUSED_VARIABLE = YES;
				IPHONEOS_DEPLOYMENT_TARGET = 13.2;
				MTL_ENABLE_DEBUG_INFO = NO;
				MTL_FAST_MATH = YES;
				SDKROOT = iphoneos;
				SWIFT_COMPILATION_MODE = wholemodule;
				SWIFT_OPTIMIZATION_LEVEL = "-O";
				VALIDATE_PRODUCT = YES;
			};
			name = Release;
		};
		479E316C23EC43E6000EBA39 /* Debug */ = {
			isa = XCBuildConfiguration;
			baseConfigurationReference = ABD9222D3C053AD1B4F258AD /* Pods-BatmanHelp.debug.xcconfig */;
			buildSettings = {
				ASSETCATALOG_COMPILER_APPICON_NAME = AppIcon;
				CODE_SIGN_ENTITLEMENTS = "Batman, help/Batman, help.entitlements";
				CODE_SIGN_STYLE = Automatic;
				DEVELOPMENT_TEAM = D9FBK2WPJX;
				INFOPLIST_FILE = "Batman, help/Info.plist";
				LD_RUNPATH_SEARCH_PATHS = (
					"$(inherited)",
					"@executable_path/Frameworks",
				);
				PRODUCT_BUNDLE_IDENTIFIER = "com.enzomaruffa.nanos..Batman--help";
				PRODUCT_NAME = "$(TARGET_NAME)";
				SWIFT_VERSION = 5.0;
				TARGETED_DEVICE_FAMILY = "1,2";
			};
			name = Debug;
		};
		479E316D23EC43E6000EBA39 /* Release */ = {
			isa = XCBuildConfiguration;
			baseConfigurationReference = 789A9C1576CDCF2E5003037D /* Pods-BatmanHelp.release.xcconfig */;
			buildSettings = {
				ASSETCATALOG_COMPILER_APPICON_NAME = AppIcon;
				CODE_SIGN_ENTITLEMENTS = "Batman, help/Batman, help.entitlements";
				CODE_SIGN_STYLE = Automatic;
				DEVELOPMENT_TEAM = D9FBK2WPJX;
				INFOPLIST_FILE = "Batman, help/Info.plist";
				LD_RUNPATH_SEARCH_PATHS = (
					"$(inherited)",
					"@executable_path/Frameworks",
				);
				PRODUCT_BUNDLE_IDENTIFIER = "com.enzomaruffa.nanos..Batman--help";
				PRODUCT_NAME = "$(TARGET_NAME)";
				SWIFT_VERSION = 5.0;
				TARGETED_DEVICE_FAMILY = "1,2";
			};
			name = Release;
		};
		479E316F23EC43E6000EBA39 /* Debug */ = {
			isa = XCBuildConfiguration;
			baseConfigurationReference = FF64EA9B9CBB220A35BA8BCD /* Pods-BatmanHelpTests.debug.xcconfig */;
			buildSettings = {
				ALWAYS_EMBED_SWIFT_STANDARD_LIBRARIES = YES;
				BUNDLE_LOADER = "$(TEST_HOST)";
				CODE_SIGN_STYLE = Automatic;
				DEVELOPMENT_TEAM = D9FBK2WPJX;
				INFOPLIST_FILE = "Batman, helpTests/Info.plist";
				IPHONEOS_DEPLOYMENT_TARGET = 13.2;
				LD_RUNPATH_SEARCH_PATHS = (
					"$(inherited)",
					"@executable_path/Frameworks",
					"@loader_path/Frameworks",
				);
				PRODUCT_BUNDLE_IDENTIFIER = "com.enzomaruffa.nanos..Batman--helpTests";
				PRODUCT_NAME = "$(TARGET_NAME)";
				SWIFT_VERSION = 5.0;
				TARGETED_DEVICE_FAMILY = "1,2";
				TEST_HOST = "$(BUILT_PRODUCTS_DIR)/BatmanHelp.app/BatmanHelp";
			};
			name = Debug;
		};
		479E317023EC43E6000EBA39 /* Release */ = {
			isa = XCBuildConfiguration;
			baseConfigurationReference = 3FEB56825189CB6A475AF4C8 /* Pods-BatmanHelpTests.release.xcconfig */;
			buildSettings = {
				ALWAYS_EMBED_SWIFT_STANDARD_LIBRARIES = YES;
				BUNDLE_LOADER = "$(TEST_HOST)";
				CODE_SIGN_STYLE = Automatic;
				DEVELOPMENT_TEAM = D9FBK2WPJX;
				INFOPLIST_FILE = "Batman, helpTests/Info.plist";
				IPHONEOS_DEPLOYMENT_TARGET = 13.2;
				LD_RUNPATH_SEARCH_PATHS = (
					"$(inherited)",
					"@executable_path/Frameworks",
					"@loader_path/Frameworks",
				);
				PRODUCT_BUNDLE_IDENTIFIER = "com.enzomaruffa.nanos..Batman--helpTests";
				PRODUCT_NAME = "$(TARGET_NAME)";
				SWIFT_VERSION = 5.0;
				TARGETED_DEVICE_FAMILY = "1,2";
				TEST_HOST = "$(BUILT_PRODUCTS_DIR)/BatmanHelp.app/BatmanHelp";
			};
			name = Release;
		};
		479E317223EC43E6000EBA39 /* Debug */ = {
			isa = XCBuildConfiguration;
			baseConfigurationReference = 4618655E5689AB24AFD05715 /* Pods-BatmanHelp-BatmanHelpUITests.debug.xcconfig */;
			buildSettings = {
				ALWAYS_EMBED_SWIFT_STANDARD_LIBRARIES = YES;
				CODE_SIGN_STYLE = Automatic;
				DEVELOPMENT_TEAM = D9FBK2WPJX;
				INFOPLIST_FILE = "Batman, helpUITests/Info.plist";
				LD_RUNPATH_SEARCH_PATHS = (
					"$(inherited)",
					"@executable_path/Frameworks",
					"@loader_path/Frameworks",
				);
				PRODUCT_BUNDLE_IDENTIFIER = "com.enzomaruffa.nanos..Batman--helpUITests";
				PRODUCT_NAME = "$(TARGET_NAME)";
				SWIFT_VERSION = 5.0;
				TARGETED_DEVICE_FAMILY = "1,2";
				TEST_TARGET_NAME = "Batman, help";
			};
			name = Debug;
		};
		479E317323EC43E6000EBA39 /* Release */ = {
			isa = XCBuildConfiguration;
			baseConfigurationReference = 0FE0095A1EC8962F7426C924 /* Pods-BatmanHelp-BatmanHelpUITests.release.xcconfig */;
			buildSettings = {
				ALWAYS_EMBED_SWIFT_STANDARD_LIBRARIES = YES;
				CODE_SIGN_STYLE = Automatic;
				DEVELOPMENT_TEAM = D9FBK2WPJX;
				INFOPLIST_FILE = "Batman, helpUITests/Info.plist";
				LD_RUNPATH_SEARCH_PATHS = (
					"$(inherited)",
					"@executable_path/Frameworks",
					"@loader_path/Frameworks",
				);
				PRODUCT_BUNDLE_IDENTIFIER = "com.enzomaruffa.nanos..Batman--helpUITests";
				PRODUCT_NAME = "$(TARGET_NAME)";
				SWIFT_VERSION = 5.0;
				TARGETED_DEVICE_FAMILY = "1,2";
				TEST_TARGET_NAME = "Batman, help";
			};
			name = Release;
		};
/* End XCBuildConfiguration section */

/* Begin XCConfigurationList section */
		479E313C23EC43E5000EBA39 /* Build configuration list for PBXProject "BatmanHelp" */ = {
			isa = XCConfigurationList;
			buildConfigurations = (
				479E316923EC43E6000EBA39 /* Debug */,
				479E316A23EC43E6000EBA39 /* Release */,
			);
			defaultConfigurationIsVisible = 0;
			defaultConfigurationName = Release;
		};
		479E316B23EC43E6000EBA39 /* Build configuration list for PBXNativeTarget "BatmanHelp" */ = {
			isa = XCConfigurationList;
			buildConfigurations = (
				479E316C23EC43E6000EBA39 /* Debug */,
				479E316D23EC43E6000EBA39 /* Release */,
			);
			defaultConfigurationIsVisible = 0;
			defaultConfigurationName = Release;
		};
		479E316E23EC43E6000EBA39 /* Build configuration list for PBXNativeTarget "BatmanHelpTests" */ = {
			isa = XCConfigurationList;
			buildConfigurations = (
				479E316F23EC43E6000EBA39 /* Debug */,
				479E317023EC43E6000EBA39 /* Release */,
			);
			defaultConfigurationIsVisible = 0;
			defaultConfigurationName = Release;
		};
		479E317123EC43E6000EBA39 /* Build configuration list for PBXNativeTarget "BatmanHelpUITests" */ = {
			isa = XCConfigurationList;
			buildConfigurations = (
				479E317223EC43E6000EBA39 /* Debug */,
				479E317323EC43E6000EBA39 /* Release */,
			);
			defaultConfigurationIsVisible = 0;
			defaultConfigurationName = Release;
		};
/* End XCConfigurationList section */
	};
	rootObject = 479E313923EC43E5000EBA39 /* Project object */;
}
